
Microsoft Visual Studio Solution File, Format Version 12.00
# Visual Studio Version 17
VisualStudioVersion = 17.14.36429.23 d17.14
MinimumVisualStudioVersion = 10.0.40219.1
Project("{FAE04EC0-301F-11D3-BF4B-00C04F79EFBC}") = "RegIN_Vozhakova", "RegIN_Vozhakova\RegIN_Vozhakova.csproj", "{EE15CF0F-7800-4CF4-B887-892F1313FFAB}"
EndProject
Global
	GlobalSection(SolutionConfigurationPlatforms) = preSolution
		Debug|Any CPU = Debug|Any CPU
		Release|Any CPU = Release|Any CPU
	EndGlobalSection
	GlobalSection(ProjectConfigurationPlatforms) = postSolution
		{EE15CF0F-7800-4CF4-B887-892F1313FFAB}.Debug|Any CPU.ActiveCfg = Debug|Any CPU
		{EE15CF0F-7800-4CF4-B887-892F1313FFAB}.Debug|Any CPU.Build.0 = Debug|Any CPU
		{EE15CF0F-7800-4CF4-B887-892F1313FFAB}.Release|Any CPU.ActiveCfg = Release|Any CPU
		{EE15CF0F-7800-4CF4-B887-892F1313FFAB}.Release|Any CPU.Build.0 = Release|Any CPU
	EndGlobalSection
	GlobalSection(SolutionProperties) = preSolution
		HideSolutionNode = FALSE
	EndGlobalSection
	GlobalSection(ExtensibilityGlobals) = postSolution
		SolutionGuid = {0466F914-C840-44DE-9C34-1E3560EF8509}
	EndGlobalSection
EndGlobal
